<?xml version="1.0" encoding="utf-8"?>
<Project ToolsVersion="4.0" xmlns="http://schemas.microsoft.com/developer/msbuild/2003">
  <ItemGroup>
    <Filter Include="Headers">
      <UniqueIdentifier>{93995380-89BD-4b04-88EB-625FBE52EBFB}</UniqueIdentifier>
      <Extensions>h;hh;hpp;hxx;h++;hm;inl;inc;ipp;xsd</Extensions>
    </Filter>
    <Filter Include="Resources">
      <UniqueIdentifier>{67DA6AB6-F800-4c08-8B7A-83BB121AAD01}</UniqueIdentifier>
      <Extensions>rc;ico;cur;bmp;dlg;rc2;rct;bin;rgs;gif;jpg;jpeg;jpe;resx;tiff;tif;png;wav;mfcribbon-ms</Extensions>
    </Filter>
    <Filter Include="Sources">
      <UniqueIdentifier>{4FC737F1-C7A5-4376-A066-2A32D752A2FF}</UniqueIdentifier>
      <Extensions>cpp;c;cc;cxx;c++;cppm;ixx;def;odl;idl;hpj;bat;asm;asmx</Extensions>
    </Filter>
  </ItemGroup>
  <ItemGroup>
    <ClCompile Include="..\SRC\bmutils.cpp">
      <Filter>Sources</Filter>
    </ClCompile>
    <ClCompile Include="..\SRC\registry.c">
      <Filter>Sources</Filter>
    </ClCompile>
    <ClCompile Include="..\SRC\wallpaper.c">
      <Filter>Sources</Filter>
    </ClCompile>
    <ClCompile Include="..\SRC\clrkmeans.c">
      <Filter>Sources</Filter>
    </ClCompile>
    <ClCompile Include="..\SRC\wndmain.c">
      <Filter>Sources</Filter>
    </ClCompile>
    <ClCompile Include="..\SRC\controls.c">
      <Filter>Sources</Filter>
    </ClCompile>
    <ClCompile Include="..\SRC\dlgabout.c">
      <Filter>Sources</Filter>
    </ClCompile>
    <ClCompile Include="..\SRC\clrpicker.c">
      <Filter>Sources</Filter>
    </ClCompile>
  </ItemGroup>
  <ItemGroup>
    <ClInclude Include="..\SRC\bmutils.h">
      <Filter>Headers</Filter>
    </ClInclude>
    <ClInclude Include="..\SRC\registry.h">
      <Filter>Headers</Filter>
    </ClInclude>
    <ClInclude Include="..\SRC\wallpaper.h">
      <Filter>Headers</Filter>
    </ClInclude>
    <ClInclude Include="..\SRC\clrkmeans.h">
      <Filter>Headers</Filter>
    </ClInclude>
    <ClInclude Include="..\SRC\syscolors.h">
      <Filter>Headers</Filter>
    </ClInclude>
    <ClInclude Include="..\SRC\resources.h">
      <Filter>Headers</Filter>
    </ClInclude>
    <ClInclude Include="..\SRC\controls.h">
      <Filter>Headers</Filter>
    </ClInclude>
    <ClInclude Include="..\SRC\clrpicker.h">
      <Filter>Headers</Filter>
    </ClInclude>
  </ItemGroup>
  <ItemGroup>
    <None Include="..\SRC\RES\eyedropper.cur">
      <Filter>Resources</Filter>
    </None>
    <None Include="..\SRC\RES\icon.ico.kra">
      <Filter>Resources</Filter>
    </None>
  </ItemGroup>
  <ItemGroup>
    <Image Include="..\SRC\RES\eyedropper.ico">
      <Filter>Resources</Filter>
    </Image>
    <Image Include="..\SRC\RES\icon.ico">
      <Filter>Resources</Filter>
    </Image>
  </ItemGroup>
  <ItemGroup>
    <Manifest Include="..\SRC\RES\hicc.manifest">
      <Filter>Resources</Filter>
    </Manifest>
  </ItemGroup>
  <ItemGroup>
    <ResourceCompile Include="..\SRC\RES\resources.rc">
      <Filter>Resources</Filter>
    </ResourceCompile>
  </ItemGroup>
</Project>